
Microsoft Visual Studio Solution File, Format Version 12.00
# Visual Studio 15
VisualStudioVersion = 15.0.27004.2010
MinimumVisualStudioVersion = 10.0.40219.1
Project("{FAE04EC0-301F-11D3-BF4B-00C04F79EFBC}") = "Superhui.Web", "Superhui.Web\Superhui.Web.csproj", "{F0BEDB38-FDBB-4508-B99C-0A8627AC0C6E}"
EndProject
Project("{FAE04EC0-301F-11D3-BF4B-00C04F79EFBC}") = "Superhui.Tls", "Superhui.Tls\Superhui.Tls.csproj", "{73CCF8A8-3B02-4E54-900E-525959498EE1}"
EndProject
Project("{FAE04EC0-301F-11D3-BF4B-00C04F79EFBC}") = "Superhui.AspNetCore", "Superhui.AspNetCore\Superhui.AspNetCore.csproj", "{459539B6-054B-4260-92D2-DD4CCD65B222}"
EndProject
Project("{FAE04EC0-301F-11D3-BF4B-00C04F79EFBC}") = "Superhui.Api", "Superhui.Api\Superhui.Api.csproj", "{83A0612C-E2CC-4287-8B6A-C383D214A6B6}"
EndProject
Project("{2150E333-8FDC-42A3-9474-1A3956D46DE8}") = "Solution Items", "Solution Items", "{DEA1CCC9-C26F-47ED-B17C-2B81C1354297}"
	ProjectSection(SolutionItems) = preProject
		test.json = test.json
	EndProjectSection
EndProject
Global
	GlobalSection(SolutionConfigurationPlatforms) = preSolution
		Debug|Any CPU = Debug|Any CPU
		Release|Any CPU = Release|Any CPU
	EndGlobalSection
	GlobalSection(ProjectConfigurationPlatforms) = postSolution
		{F0BEDB38-FDBB-4508-B99C-0A8627AC0C6E}.Debug|Any CPU.ActiveCfg = Debug|Any CPU
		{F0BEDB38-FDBB-4508-B99C-0A8627AC0C6E}.Debug|Any CPU.Build.0 = Debug|Any CPU
		{F0BEDB38-FDBB-4508-B99C-0A8627AC0C6E}.Release|Any CPU.ActiveCfg = Release|Any CPU
		{F0BEDB38-FDBB-4508-B99C-0A8627AC0C6E}.Release|Any CPU.Build.0 = Release|Any CPU
		{73CCF8A8-3B02-4E54-900E-525959498EE1}.Debug|Any CPU.ActiveCfg = Debug|Any CPU
		{73CCF8A8-3B02-4E54-900E-525959498EE1}.Debug|Any CPU.Build.0 = Debug|Any CPU
		{73CCF8A8-3B02-4E54-900E-525959498EE1}.Release|Any CPU.ActiveCfg = Release|Any CPU
		{73CCF8A8-3B02-4E54-900E-525959498EE1}.Release|Any CPU.Build.0 = Release|Any CPU
		{459539B6-054B-4260-92D2-DD4CCD65B222}.Debug|Any CPU.ActiveCfg = Debug|Any CPU
		{459539B6-054B-4260-92D2-DD4CCD65B222}.Debug|Any CPU.Build.0 = Debug|Any CPU
		{459539B6-054B-4260-92D2-DD4CCD65B222}.Release|Any CPU.ActiveCfg = Release|Any CPU
		{459539B6-054B-4260-92D2-DD4CCD65B222}.Release|Any CPU.Build.0 = Release|Any CPU
		{83A0612C-E2CC-4287-8B6A-C383D214A6B6}.Debug|Any CPU.ActiveCfg = Debug|Any CPU
		{83A0612C-E2CC-4287-8B6A-C383D214A6B6}.Debug|Any CPU.Build.0 = Debug|Any CPU
		{83A0612C-E2CC-4287-8B6A-C383D214A6B6}.Release|Any CPU.ActiveCfg = Release|Any CPU
		{83A0612C-E2CC-4287-8B6A-C383D214A6B6}.Release|Any CPU.Build.0 = Release|Any CPU
	EndGlobalSection
	GlobalSection(SolutionProperties) = preSolution
		HideSolutionNode = FALSE
	EndGlobalSection
	GlobalSection(ExtensibilityGlobals) = postSolution
		SolutionGuid = {565E4674-B23E-47C9-A685-A8ABD7C1E17D}
	EndGlobalSection
EndGlobal
